github.com/CloudyKit/fastprinter v0.0.0-20200109182630-33d98a066a53 h1:sR+/8Yb4slttB4vD+b9btVEnWgL3Q00OBTzVT8B9C0c=
github.com/CloudyKit/fastprinter v0.0.0-20200109182630-33d98a066a53/go.mod h1:+3IMCy2vIlbG1XG/0ggNQv0SvxCAIpPM5b1nCz56Xno=
github.com/CloudyKit/jet/v6 v6.2.0 h1:EpcZ6SR9n28BUGtNJSvlBqf90IpjeFr36Tizxhn/oME=
github.com/CloudyKit/jet/v6 v6.2.0/go.mod h1:d3ypHeIRNo2+XyqnGA8s+aphtcVpjP5hPwP/Lzo7Ro4=
github.com/cpuguy83/go-md2man/v2 v2.0.4 h1:wfIWP927BUkWJb2NmU/kNDYIBTh/ziUX91+lVfRxZq4=
github.com/cpuguy83/go-md2man/v2 v2.0.4/go.mod h1:tgQtvFlXSQOSOSIRvRPT7W67SCa46tRHOmNcaadrF8o=
github.com/russross/blackfriday/v2 v2.1.0 h1:JIOH55/0cWyOuilr9/qlrm0BSXldqnqwMsf35Ld67mk=
github.com/russross/blackfriday/v2 v2.1.0/go.mod h1:+Rmxgy9KzJVeS9/2gXHxylqXiyQDYRxCVz55jmeOWTM=
github.com/urfave/cli/v2 v2.27.2 h1:6e0H+AkS+zDckwPCUrZkKX38mRaau4nL2uipkJpbkcI=
github.com/urfave/cli/v2 v2.27.2/go.mod h1:g0+79LmHHATl7DAcHO99smiR/T7uGLw84w8Y42x+4eM=
github.com/xrash/smetrics v0.0.0-20240312152122-5f08fbb34913 h1:+qGGcbkzsfDQNPPe9UDgpxAWQrhbbBXOYJFQDq/dtJw=
github.com/xrash/smetrics v0.0.0-20240312152122-5f08fbb34913/go.mod h1:4aEEwZQutDLsQv2Deui4iYQ6DWTxR14g6m8Wv88+Xqk=
gopkg.in/check.v1 v0.0.0-20161208181325-20d25e280405/go.mod h1:Co6ibVJAznAaIkqp8huTwlJQCZ016jof/cbN4VW5Yz0=
gopkg.in/yaml.v3 v3.0.1 h1:fxVm/GzAzEWqLHuvctI91KS9hhNmmWOoWu0XTYJS7CA=
gopkg.in/yaml.v3 v3.0.1/go.mod h1:K4uyk7z7BCEPqu6E+C64Yfv1cQ7kz7rIZviUmN+EgEM=
